
Microsoft Visual Studio Solution File, Format Version 12.00
# Visual Studio Version 16
VisualStudioVersion = 16.0.30011.22
MinimumVisualStudioVersion = 10.0.40219.1
Project("{FAE04EC0-301F-11D3-BF4B-00C04F79EFBC}") = "Kata.BowlingGame", "Kata.BowlingGame\Kata.BowlingGame.csproj", "{88819A33-9DA4-416F-8DDE-EA35B144ADD3}"
EndProject
Project("{FAE04EC0-301F-11D3-BF4B-00C04F79EFBC}") = "Kata.BowlingGame.Tests", "Kata.BowlingGame.Tests\Kata.BowlingGame.Tests.csproj", "{CE5F4245-708D-426C-B225-80BF4B968493}"
EndProject
Global
	GlobalSection(SolutionConfigurationPlatforms) = preSolution
		Debug|Any CPU = Debug|Any CPU
		Release|Any CPU = Release|Any CPU
	EndGlobalSection
	GlobalSection(ProjectConfigurationPlatforms) = postSolution
		{88819A33-9DA4-416F-8DDE-EA35B144ADD3}.Debug|Any CPU.ActiveCfg = Debug|Any CPU
		{88819A33-9DA4-416F-8DDE-EA35B144ADD3}.Debug|Any CPU.Build.0 = Debug|Any CPU
		{88819A33-9DA4-416F-8DDE-EA35B144ADD3}.Release|Any CPU.ActiveCfg = Release|Any CPU
		{88819A33-9DA4-416F-8DDE-EA35B144ADD3}.Release|Any CPU.Build.0 = Release|Any CPU
		{CE5F4245-708D-426C-B225-80BF4B968493}.Debug|Any CPU.ActiveCfg = Debug|Any CPU
		{CE5F4245-708D-426C-B225-80BF4B968493}.Debug|Any CPU.Build.0 = Debug|Any CPU
		{CE5F4245-708D-426C-B225-80BF4B968493}.Release|Any CPU.ActiveCfg = Release|Any CPU
		{CE5F4245-708D-426C-B225-80BF4B968493}.Release|Any CPU.Build.0 = Release|Any CPU
	EndGlobalSection
	GlobalSection(SolutionProperties) = preSolution
		HideSolutionNode = FALSE
	EndGlobalSection
	GlobalSection(ExtensibilityGlobals) = postSolution
		SolutionGuid = {002E7FC0-EE68-4884-A1B7-6C353BF6C0E3}
	EndGlobalSection
EndGlobal
